
Microsoft Visual Studio Solution File, Format Version 12.00
Project("{FAE04EC0-301F-11D3-BF4B-00C04F79EFBC}") = "Summative4", "Summative4\Summative4.csproj", "{C98C0080-60CC-436A-B807-61E45F14F613}"
EndProject
Global
	GlobalSection(SolutionConfigurationPlatforms) = preSolution
		Debug|Any CPU = Debug|Any CPU
		Release|Any CPU = Release|Any CPU
	EndGlobalSection
	GlobalSection(ProjectConfigurationPlatforms) = postSolution
		{C98C0080-60CC-436A-B807-61E45F14F613}.Debug|Any CPU.ActiveCfg = Debug|Any CPU
		{C98C0080-60CC-436A-B807-61E45F14F613}.Debug|Any CPU.Build.0 = Debug|Any CPU
		{C98C0080-60CC-436A-B807-61E45F14F613}.Release|Any CPU.ActiveCfg = Release|Any CPU
		{C98C0080-60CC-436A-B807-61E45F14F613}.Release|Any CPU.Build.0 = Release|Any CPU
	EndGlobalSection
EndGlobal
