
Microsoft Visual Studio Solution File, Format Version 12.00
Project("{FAE04EC0-301F-11D3-BF4B-00C04F79EFBC}") = "ShapesApp", "ShapesApp\ShapesApp.csproj", "{1F3B476B-891B-49EA-AD1D-45FD4870CDEC}"
EndProject
Global
	GlobalSection(SolutionConfigurationPlatforms) = preSolution
		Debug|Any CPU = Debug|Any CPU
		Release|Any CPU = Release|Any CPU
	EndGlobalSection
	GlobalSection(ProjectConfigurationPlatforms) = postSolution
		{1F3B476B-891B-49EA-AD1D-45FD4870CDEC}.Debug|Any CPU.ActiveCfg = Debug|Any CPU
		{1F3B476B-891B-49EA-AD1D-45FD4870CDEC}.Debug|Any CPU.Build.0 = Debug|Any CPU
		{1F3B476B-891B-49EA-AD1D-45FD4870CDEC}.Release|Any CPU.ActiveCfg = Release|Any CPU
		{1F3B476B-891B-49EA-AD1D-45FD4870CDEC}.Release|Any CPU.Build.0 = Release|Any CPU
	EndGlobalSection
EndGlobal
